// !$*UTF8*$!
{
	archiveVersion = 1;
	classes = {
	};
	objectVersion = 46;
	objects = {

/* Begin PBXBuildFile section */
		EED0885A1B0B115900976168 /* main.m in Sources */ = {isa = PBXBuildFile; fileRef = EED088591B0B115900976168 /* main.m */; };
		EED0885D1B0B115900976168 /* AppDelegate.m in Sources */ = {isa = PBXBuildFile; fileRef = EED0885C1B0B115900976168 /* AppDelegate.m */; };
		EED088601B0B115900976168 /* ViewController.m in Sources */ = {isa = PBXBuildFile; fileRef = EED0885F1B0B115900976168 /* ViewController.m */; };
		EED088651B0B115900976168 /* Images.xcassets in Resources */ = {isa = PBXBuildFile; fileRef = EED088641B0B115900976168 /* Images.xcassets */; };
		EED088681B0B115900976168 /* LaunchScreen.xib in Resources */ = {isa = PBXBuildFile; fileRef = EED088661B0B115900976168 /* LaunchScreen.xib */; };
		EED088741B0B115900976168 /* NLToggleViewTests.m in Sources */ = {isa = PBXBuildFile; fileRef = EED088731B0B115900976168 /* NLToggleViewTests.m */; };
		EED088871B0B12AA00976168 /* ToggleView.m in Sources */ = {isa = PBXBuildFile; fileRef = EED088821B0B12AA00976168 /* ToggleView.m */; };
		EED088881B0B12AA00976168 /* ToggleButton.m in Sources */ = {isa = PBXBuildFile; fileRef = EED088841B0B12AA00976168 /* ToggleButton.m */; };
		EED088891B0B12AA00976168 /* ToggleBase.m in Sources */ = {isa = PBXBuildFile; fileRef = EED088861B0B12AA00976168 /* ToggleBase.m */; };
		EED0888C1B0B14DD00976168 /* ToggleConst.m in Sources */ = {isa = PBXBuildFile; fileRef = EED0888B1B0B14DD00976168 /* ToggleConst.m */; };
/* End PBXBuildFile section */

/* Begin PBXContainerItemProxy section */
		EED0886E1B0B115900976168 /* PBXContainerItemProxy */ = {
			isa = PBXContainerItemProxy;
			containerPortal = EED0884C1B0B115900976168 /* Project object */;
			proxyType = 1;
			remoteGlobalIDString = EED088531B0B115900976168;
			remoteInfo = NLToggleView;
		};
/* End PBXContainerItemProxy section */

/* Begin PBXFileReference section */
		EED088541B0B115900976168 /* NLToggleView.app */ = {isa = PBXFileReference; explicitFileType = wrapper.application; includeInIndex = 0; path = NLToggleView.app; sourceTree = BUILT_PRODUCTS_DIR; };
		EED088581B0B115900976168 /* Info.plist */ = {isa = PBXFileReference; lastKnownFileType = text.plist.xml; path = Info.plist; sourceTree = "<group>"; };
		EED088591B0B115900976168 /* main.m */ = {isa = PBXFileReference; lastKnownFileType = sourcecode.c.objc; path = main.m; sourceTree = "<group>"; };
		EED0885B1B0B115900976168 /* AppDelegate.h */ = {isa = PBXFileReference; lastKnownFileType = sourcecode.c.h; path = AppDelegate.h; sourceTree = "<group>"; };
		EED0885C1B0B115900976168 /* AppDelegate.m */ = {isa = PBXFileReference; lastKnownFileType = sourcecode.c.objc; path = AppDelegate.m; sourceTree = "<group>"; };
		EED0885E1B0B115900976168 /* ViewController.h */ = {isa = PBXFileReference; lastKnownFileType = sourcecode.c.h; path = ViewController.h; sourceTree = "<group>"; };
		EED0885F1B0B115900976168 /* ViewController.m */ = {isa = PBXFileReference; lastKnownFileType = sourcecode.c.objc; path = ViewController.m; sourceTree = "<group>"; };
		EED088641B0B115900976168 /* Images.xcassets */ = {isa = PBXFileReference; lastKnownFileType = folder.assetcatalog; path = Images.xcassets; sourceTree = "<group>"; };
		EED088671B0B115900976168 /* Base */ = {isa = PBXFileReference; lastKnownFileType = file.xib; name = Base; path = Base.lproj/LaunchScreen.xib; sourceTree = "<group>"; };
		EED0886D1B0B115900976168 /* NLToggleViewTests.xctest */ = {isa = PBXFileReference; explicitFileType = wrapper.cfbundle; includeInIndex = 0; path = NLToggleViewTests.xctest; sourceTree = BUILT_PRODUCTS_DIR; };
		EED088721B0B115900976168 /* Info.plist */ = {isa = PBXFileReference; lastKnownFileType = text.plist.xml; path = Info.plist; sourceTree = "<group>"; };
		EED088731B0B115900976168 /* NLToggleViewTests.m */ = {isa = PBXFileReference; lastKnownFileType = sourcecode.c.objc; path = NLToggleViewTests.m; sourceTree = "<group>"; };
		EED088811B0B12AA00976168 /* ToggleView.h */ = {isa = PBXFileReference; fileEncoding = 4; lastKnownFileType = sourcecode.c.h; path = ToggleView.h; sourceTree = "<group>"; };
		EED088821B0B12AA00976168 /* ToggleView.m */ = {isa = PBXFileReference; fileEncoding = 4; lastKnownFileType = sourcecode.c.objc; path = ToggleView.m; sourceTree = "<group>"; };
		EED088831B0B12AA00976168 /* ToggleButton.h */ = {isa = PBXFileReference; fileEncoding = 4; lastKnownFileType = sourcecode.c.h; path = ToggleButton.h; sourceTree = "<group>"; };
		EED088841B0B12AA00976168 /* ToggleButton.m */ = {isa = PBXFileReference; fileEncoding = 4; lastKnownFileType = sourcecode.c.objc; path = ToggleButton.m; sourceTree = "<group>"; };
		EED088851B0B12AA00976168 /* ToggleBase.h */ = {isa = PBXFileReference; fileEncoding = 4; lastKnownFileType = sourcecode.c.h; path = ToggleBase.h; sourceTree = "<group>"; };
		EED088861B0B12AA00976168 /* ToggleBase.m */ = {isa = PBXFileReference; fileEncoding = 4; lastKnownFileType = sourcecode.c.objc; path = ToggleBase.m; sourceTree = "<group>"; };
		EED0888A1B0B14DD00976168 /* ToggleConst.h */ = {isa = PBXFileReference; fileEncoding = 4; lastKnownFileType = sourcecode.c.h; path = ToggleConst.h; sourceTree = "<group>"; };
		EED0888B1B0B14DD00976168 /* ToggleConst.m */ = {isa = PBXFileReference; fileEncoding = 4; lastKnownFileType = sourcecode.c.objc; path = ToggleConst.m; sourceTree = "<group>"; };
/* End PBXFileReference section */

/* Begin PBXFrameworksBuildPhase section */
		EED088511B0B115900976168 /* Frameworks */ = {
			isa = PBXFrameworksBuildPhase;
			buildActionMask = 2147483647;
			files = (
			);
			runOnlyForDeploymentPostprocessing = 0;
		};
		EED0886A1B0B115900976168 /* Frameworks */ = {
			isa = PBXFrameworksBuildPhase;
			buildActionMask = 2147483647;
			files = (
			);
			runOnlyForDeploymentPostprocessing = 0;
		};
/* End PBXFrameworksBuildPhase section */

/* Begin PBXGroup section */
		EED0884B1B0B115900976168 = {
			isa = PBXGroup;
			children = (
				EED088561B0B115900976168 /* NLToggleView */,
				EED088701B0B115900976168 /* NLToggleViewTests */,
				EED088551B0B115900976168 /* Products */,
			);
			sourceTree = "<group>";
		};
		EED088551B0B115900976168 /* Products */ = {
			isa = PBXGroup;
			children = (
				EED088541B0B115900976168 /* NLToggleView.app */,
				EED0886D1B0B115900976168 /* NLToggleViewTests.xctest */,
			);
			name = Products;
			sourceTree = "<group>";
		};
		EED088561B0B115900976168 /* NLToggleView */ = {
			isa = PBXGroup;
			children = (
				EED0887D1B0B123C00976168 /* NLToggleView */,
				EED0885B1B0B115900976168 /* AppDelegate.h */,
				EED0885C1B0B115900976168 /* AppDelegate.m */,
				EED0885E1B0B115900976168 /* ViewController.h */,
				EED0885F1B0B115900976168 /* ViewController.m */,
				EED088641B0B115900976168 /* Images.xcassets */,
				EED088661B0B115900976168 /* LaunchScreen.xib */,
				EED088571B0B115900976168 /* Supporting Files */,
			);
			path = NLToggleView;
			sourceTree = "<group>";
		};
		EED088571B0B115900976168 /* Supporting Files */ = {
			isa = PBXGroup;
			children = (
				EED088581B0B115900976168 /* Info.plist */,
				EED088591B0B115900976168 /* main.m */,
			);
			name = "Supporting Files";
			sourceTree = "<group>";
		};
		EED088701B0B115900976168 /* NLToggleViewTests */ = {
			isa = PBXGroup;
			children = (
				EED088731B0B115900976168 /* NLToggleViewTests.m */,
				EED088711B0B115900976168 /* Supporting Files */,
			);
			path = NLToggleViewTests;
			sourceTree = "<group>";
		};
		EED088711B0B115900976168 /* Supporting Files */ = {
			isa = PBXGroup;
			children = (
				EED088721B0B115900976168 /* Info.plist */,
			);
			name = "Supporting Files";
			sourceTree = "<group>";
		};
		EED0887D1B0B123C00976168 /* NLToggleView */ = {
			isa = PBXGroup;
			children = (
				EED0888A1B0B14DD00976168 /* ToggleConst.h */,
				EED0888B1B0B14DD00976168 /* ToggleConst.m */,
				EED088811B0B12AA00976168 /* ToggleView.h */,
				EED088821B0B12AA00976168 /* ToggleView.m */,
				EED088831B0B12AA00976168 /* ToggleButton.h */,
				EED088841B0B12AA00976168 /* ToggleButton.m */,
				EED088851B0B12AA00976168 /* ToggleBase.h */,
				EED088861B0B12AA00976168 /* ToggleBase.m */,
			);
			path = NLToggleView;
			sourceTree = "<group>";
		};
/* End PBXGroup section */

/* Begin PBXNativeTarget section */
		EED088531B0B115900976168 /* NLToggleView */ = {
			isa = PBXNativeTarget;
			buildConfigurationList = EED088771B0B115900976168 /* Build configuration list for PBXNativeTarget "NLToggleView" */;
			buildPhases = (
				EED088501B0B115900976168 /* Sources */,
				EED088511B0B115900976168 /* Frameworks */,
				EED088521B0B115900976168 /* Resources */,
			);
			buildRules = (
			);
			dependencies = (
			);
			name = NLToggleView;
			productName = NLToggleView;
			productReference = EED088541B0B115900976168 /* NLToggleView.app */;
			productType = "com.apple.product-type.application";
		};
		EED0886C1B0B115900976168 /* NLToggleViewTests */ = {
			isa = PBXNativeTarget;
			buildConfigurationList = EED0887A1B0B115900976168 /* Build configuration list for PBXNativeTarget "NLToggleViewTests" */;
			buildPhases = (
				EED088691B0B115900976168 /* Sources */,
				EED0886A1B0B115900976168 /* Frameworks */,
				EED0886B1B0B115900976168 /* Resources */,
			);
			buildRules = (
			);
			dependencies = (
				EED0886F1B0B115900976168 /* PBXTargetDependency */,
			);
			name = NLToggleViewTests;
			productName = NLToggleViewTests;
			productReference = EED0886D1B0B115900976168 /* NLToggleViewTests.xctest */;
			productType = "com.apple.product-type.bundle.unit-test";
		};
/* End PBXNativeTarget section */

/* Begin PBXProject section */
		EED0884C1B0B115900976168 /* Project object */ = {
			isa = PBXProject;
			attributes = {
				LastUpgradeCheck = 0620;
				ORGANIZATIONNAME = "Neil-Lee";
				TargetAttributes = {
					EED088531B0B115900976168 = {
						CreatedOnToolsVersion = 6.2;
					};
					EED0886C1B0B115900976168 = {
						CreatedOnToolsVersion = 6.2;
						TestTargetID = EED088531B0B115900976168;
					};
				};
			};
			buildConfigurationList = EED0884F1B0B115900976168 /* Build configuration list for PBXProject "NLToggleView" */;
			compatibilityVersion = "Xcode 3.2";
			developmentRegion = English;
			hasScannedForEncodings = 0;
			knownRegions = (
				en,
				Base,
			);
			mainGroup = EED0884B1B0B115900976168;
			productRefGroup = EED088551B0B115900976168 /* Products */;
			projectDirPath = "";
			projectRoot = "";
			targets = (
				EED088531B0B115900976168 /* NLToggleView */,
				EED0886C1B0B115900976168 /* NLToggleViewTests */,
			);
		};
/* End PBXProject section */

/* Begin PBXResourcesBuildPhase section */
		EED088521B0B115900976168 /* Resources */ = {
			isa = PBXResourcesBuildPhase;
			buildActionMask = 2147483647;
			files = (
				EED088681B0B115900976168 /* LaunchScreen.xib in Resources */,
				EED088651B0B115900976168 /* Images.xcassets in Resources */,
			);
			runOnlyForDeploymentPostprocessing = 0;
		};
		EED0886B1B0B115900976168 /* Resources */ = {
			isa = PBXResourcesBuildPhase;
			buildActionMask = 2147483647;
			files = (
			);
			runOnlyForDeploymentPostprocessing = 0;
		};
/* End PBXResourcesBuildPhase section */

/* Begin PBXSourcesBuildPhase section */
		EED088501B0B115900976168 /* Sources */ = {
			isa = PBXSourcesBuildPhase;
			buildActionMask = 2147483647;
			files = (
				EED088601B0B115900976168 /* ViewController.m in Sources */,
				EED0885D1B0B115900976168 /* AppDelegate.m in Sources */,
				EED088881B0B12AA00976168 /* ToggleButton.m in Sources */,
				EED0888C1B0B14DD00976168 /* ToggleConst.m in Sources */,
				EED088871B0B12AA00976168 /* ToggleView.m in Sources */,
				EED088891B0B12AA00976168 /* ToggleBase.m in Sources */,
				EED0885A1B0B115900976168 /* main.m in Sources */,
			);
			runOnlyForDeploymentPostprocessing = 0;
		};
		EED088691B0B115900976168 /* Sources */ = {
			isa = PBXSourcesBuildPhase;
			buildActionMask = 2147483647;
			files = (
				EED088741B0B115900976168 /* NLToggleViewTests.m in Sources */,
			);
			runOnlyForDeploymentPostprocessing = 0;
		};
/* End PBXSourcesBuildPhase section */

/* Begin PBXTargetDependency section */
		EED0886F1B0B115900976168 /* PBXTargetDependency */ = {
			isa = PBXTargetDependency;
			target = EED088531B0B115900976168 /* NLToggleView */;
			targetProxy = EED0886E1B0B115900976168 /* PBXContainerItemProxy */;
		};
/* End PBXTargetDependency section */

/* Begin PBXVariantGroup section */
		EED088661B0B115900976168 /* LaunchScreen.xib */ = {
			isa = PBXVariantGroup;
			children = (
				EED088671B0B115900976168 /* Base */,
			);
			name = LaunchScreen.xib;
			sourceTree = "<group>";
		};
/* End PBXVariantGroup section */

/* Begin XCBuildConfiguration section */
		EED088751B0B115900976168 /* Debug */ = {
			isa = XCBuildConfiguration;
			buildSettings = {
				ALWAYS_SEARCH_USER_PATHS = NO;
				CLANG_CXX_LANGUAGE_STANDARD = "gnu++0x";
				CLANG_CXX_LIBRARY = "libc++";
				CLANG_ENABLE_MODULES = YES;
				CLANG_ENABLE_OBJC_ARC = YES;
				CLANG_WARN_BOOL_CONVERSION = YES;
				CLANG_WARN_CONSTANT_CONVERSION = YES;
				CLANG_WARN_DIRECT_OBJC_ISA_USAGE = YES_ERROR;
				CLANG_WARN_EMPTY_BODY = YES;
				CLANG_WARN_ENUM_CONVERSION = YES;
				CLANG_WARN_INT_CONVERSION = YES;
				CLANG_WARN_OBJC_ROOT_CLASS = YES_ERROR;
				CLANG_WARN_UNREACHABLE_CODE = YES;
				CLANG_WARN__DUPLICATE_METHOD_MATCH = YES;
				"CODE_SIGN_IDENTITY[sdk=iphoneos*]" = "iPhone Developer";
				COPY_PHASE_STRIP = NO;
				ENABLE_STRICT_OBJC_MSGSEND = YES;
				GCC_C_LANGUAGE_STANDARD = gnu99;
				GCC_DYNAMIC_NO_PIC = NO;
				GCC_OPTIMIZATION_LEVEL = 0;
				GCC_PREPROCESSOR_DEFINITIONS = (
					"DEBUG=1",
					"$(inherited)",
				);
				GCC_SYMBOLS_PRIVATE_EXTERN = NO;
				GCC_WARN_64_TO_32_BIT_CONVERSION = YES;
				GCC_WARN_ABOUT_RETURN_TYPE = YES_ERROR;
				GCC_WARN_UNDECLARED_SELECTOR = YES;
				GCC_WARN_UNINITIALIZED_AUTOS = YES_AGGRESSIVE;
				GCC_WARN_UNUSED_FUNCTION = YES;
				GCC_WARN_UNUSED_VARIABLE = YES;
				IPHONEOS_DEPLOYMENT_TARGET = 8.2;
				MTL_ENABLE_DEBUG_INFO = YES;
				ONLY_ACTIVE_ARCH = YES;
				SDKROOT = iphoneos;
			};
			name = Debug;
		};
		EED088761B0B115900976168 /* Release */ = {
			isa = XCBuildConfiguration;
			buildSettings = {
				ALWAYS_SEARCH_USER_PATHS = NO;
				CLANG_CXX_LANGUAGE_STANDARD = "gnu++0x";
				CLANG_CXX_LIBRARY = "libc++";
				CLANG_ENABLE_MODULES = YES;
				CLANG_ENABLE_OBJC_ARC = YES;
				CLANG_WARN_BOOL_CONVERSION = YES;
				CLANG_WARN_CONSTANT_CONVERSION = YES;
				CLANG_WARN_DIRECT_OBJC_ISA_USAGE = YES_ERROR;
				CLANG_WARN_EMPTY_BODY = YES;
				CLANG_WARN_ENUM_CONVERSION = YES;
				CLANG_WARN_INT_CONVERSION = YES;
				CLANG_WARN_OBJC_ROOT_CLASS = YES_ERROR;
				CLANG_WARN_UNREACHABLE_CODE = YES;
				CLANG_WARN__DUPLICATE_METHOD_MATCH = YES;
				"CODE_SIGN_IDENTITY[sdk=iphoneos*]" = "iPhone Developer";
				COPY_PHASE_STRIP = NO;
				ENABLE_NS_ASSERTIONS = NO;
				ENABLE_STRICT_OBJC_MSGSEND = YES;
				GCC_C_LANGUAGE_STANDARD = gnu99;
				GCC_WARN_64_TO_32_BIT_CONVERSION = YES;
				GCC_WARN_ABOUT_RETURN_TYPE = YES_ERROR;
				GCC_WARN_UNDECLARED_SELECTOR = YES;
				GCC_WARN_UNINITIALIZED_AUTOS = YES_AGGRESSIVE;
				GCC_WARN_UNUSED_FUNCTION = YES;
				GCC_WARN_UNUSED_VARIABLE = YES;
				IPHONEOS_DEPLOYMENT_TARGET = 8.2;
				MTL_ENABLE_DEBUG_INFO = NO;
				SDKROOT = iphoneos;
				VALIDATE_PRODUCT = YES;
			};
			name = Release;
		};
		EED088781B0B115900976168 /* Debug */ = {
			isa = XCBuildConfiguration;
			buildSettings = {
				ASSETCATALOG_COMPILER_APPICON_NAME = AppIcon;
				INFOPLIST_FILE = NLToggleView/Info.plist;
				LD_RUNPATH_SEARCH_PATHS = "$(inherited) @executable_path/Frameworks";
				PRODUCT_NAME = "$(TARGET_NAME)";
			};
			name = Debug;
		};
		EED088791B0B115900976168 /* Release */ = {
			isa = XCBuildConfiguration;
			buildSettings = {
				ASSETCATALOG_COMPILER_APPICON_NAME = AppIcon;
				INFOPLIST_FILE = NLToggleView/Info.plist;
				LD_RUNPATH_SEARCH_PATHS = "$(inherited) @executable_path/Frameworks";
				PRODUCT_NAME = "$(TARGET_NAME)";
			};
			name = Release;
		};
		EED0887B1B0B115900976168 /* Debug */ = {
			isa = XCBuildConfiguration;
			buildSettings = {
				BUNDLE_LOADER = "$(TEST_HOST)";
				FRAMEWORK_SEARCH_PATHS = (
					"$(SDKROOT)/Developer/Library/Frameworks",
					"$(inherited)",
				);
				GCC_PREPROCESSOR_DEFINITIONS = (
					"DEBUG=1",
					"$(inherited)",
				);
				INFOPLIST_FILE = NLToggleViewTests/Info.plist;
				LD_RUNPATH_SEARCH_PATHS = "$(inherited) @executable_path/Frameworks @loader_path/Frameworks";
				PRODUCT_NAME = "$(TARGET_NAME)";
				TEST_HOST = "$(BUILT_PRODUCTS_DIR)/NLToggleView.app/NLToggleView";
			};
			name = Debug;
		};
		EED0887C1B0B115900976168 /* Release */ = {
			isa = XCBuildConfiguration;
			buildSettings = {
				BUNDLE_LOADER = "$(TEST_HOST)";
				FRAMEWORK_SEARCH_PATHS = (
					"$(SDKROOT)/Developer/Library/Frameworks",
					"$(inherited)",
				);
				INFOPLIST_FILE = NLToggleViewTests/Info.plist;
				LD_RUNPATH_SEARCH_PATHS = "$(inherited) @executable_path/Frameworks @loader_path/Frameworks";
				PRODUCT_NAME = "$(TARGET_NAME)";
				TEST_HOST = "$(BUILT_PRODUCTS_DIR)/NLToggleView.app/NLToggleView";
			};
			name = Release;
		};
/* End XCBuildConfiguration section */

/* Begin XCConfigurationList section */
		EED0884F1B0B115900976168 /* Build configuration list for PBXProject "NLToggleView" */ = {
			isa = XCConfigurationList;
			buildConfigurations = (
				EED088751B0B115900976168 /* Debug */,
				EED088761B0B115900976168 /* Release */,
			);
			defaultConfigurationIsVisible = 0;
			defaultConfigurationName = Release;
		};
		EED088771B0B115900976168 /* Build configuration list for PBXNativeTarget "NLToggleView" */ = {
			isa = XCConfigurationList;
			buildConfigurations = (
				EED088781B0B115900976168 /* Debug */,
				EED088791B0B115900976168 /* Release */,
			);
			defaultConfigurationIsVisible = 0;
		};
		EED0887A1B0B115900976168 /* Build configuration list for PBXNativeTarget "NLToggleViewTests" */ = {
			isa = XCConfigurationList;
			buildConfigurations = (
				EED0887B1B0B115900976168 /* Debug */,
				EED0887C1B0B115900976168 /* Release */,
			);
			defaultConfigurationIsVisible = 0;
		};
/* End XCConfigurationList section */
	};
	rootObject = EED0884C1B0B115900976168 /* Project object */;
}
